
Microsoft Visual Studio Solution File, Format Version 12.00
# Visual Studio Version 16
VisualStudioVersion = 16.0.31025.194
MinimumVisualStudioVersion = 10.0.40219.1
Project("{FAE04EC0-301F-11D3-BF4B-00C04F79EFBC}") = "MemeGallery", "MemeGallery\MemeGallery.csproj", "{209337C8-D301-4255-8415-2D960AB22EA7}"
EndProject
Global
	GlobalSection(SolutionConfigurationPlatforms) = preSolution
		Debug|Any CPU = Debug|Any CPU
		Release|Any CPU = Release|Any CPU
	EndGlobalSection
	GlobalSection(ProjectConfigurationPlatforms) = postSolution
		{209337C8-D301-4255-8415-2D960AB22EA7}.Debug|Any CPU.ActiveCfg = Debug|Any CPU
		{209337C8-D301-4255-8415-2D960AB22EA7}.Debug|Any CPU.Build.0 = Debug|Any CPU
		{209337C8-D301-4255-8415-2D960AB22EA7}.Release|Any CPU.ActiveCfg = Release|Any CPU
		{209337C8-D301-4255-8415-2D960AB22EA7}.Release|Any CPU.Build.0 = Release|Any CPU
	EndGlobalSection
	GlobalSection(SolutionProperties) = preSolution
		HideSolutionNode = FALSE
	EndGlobalSection
	GlobalSection(ExtensibilityGlobals) = postSolution
		SolutionGuid = {09FD0B79-1BFD-420F-B255-7BF42A9B6574}
	EndGlobalSection
EndGlobal
